// !$*UTF8*$!
{
	archiveVersion = 1;
	classes = {
	};
	objectVersion = 50;
	objects = {

/* Begin PBXBuildFile section */
		420A389F23F2408500E516A0 /* OrdersCoreDataStore.swift in Sources */ = {isa = PBXBuildFile; fileRef = 420A389E23F2408500E516A0 /* OrdersCoreDataStore.swift */; };
		420A38A523F2E94300E516A0 /* CleanStore.xcdatamodeld in Sources */ = {isa = PBXBuildFile; fileRef = 420A38A323F2E94300E516A0 /* CleanStore.xcdatamodeld */; };
		4251F91623E98BE100E77555 /* ListOrdersViewController.swift in Sources */ = {isa = PBXBuildFile; fileRef = 4251F91523E98BE100E77555 /* ListOrdersViewController.swift */; };
		4251F91823E98CB600E77555 /* ListOrdersModels.swift in Sources */ = {isa = PBXBuildFile; fileRef = 4251F91723E98CB600E77555 /* ListOrdersModels.swift */; };
		4251F91A23E98D5400E77555 /* ListOrdersInteractor.swift in Sources */ = {isa = PBXBuildFile; fileRef = 4251F91923E98D5400E77555 /* ListOrdersInteractor.swift */; };
		4251F91C23E98D6200E77555 /* ListOrdersPresenter.swift in Sources */ = {isa = PBXBuildFile; fileRef = 4251F91B23E98D6200E77555 /* ListOrdersPresenter.swift */; };
		4251F91E23E98D7B00E77555 /* ListOrdersRouter.swift in Sources */ = {isa = PBXBuildFile; fileRef = 4251F91D23E98D7B00E77555 /* ListOrdersRouter.swift */; };
		4251F92023E98FEE00E77555 /* CreateOrderWorker.swift in Sources */ = {isa = PBXBuildFile; fileRef = 4251F91F23E98FEE00E77555 /* CreateOrderWorker.swift */; };
		4251F92223E9901A00E77555 /* ListOrdersWorker.swift in Sources */ = {isa = PBXBuildFile; fileRef = 4251F92123E9901A00E77555 /* ListOrdersWorker.swift */; };
		4251F92523EAC97A00E77555 /* ShowOrderViewController.swift in Sources */ = {isa = PBXBuildFile; fileRef = 4251F92423EAC97A00E77555 /* ShowOrderViewController.swift */; };
		4251F92723EACF7A00E77555 /* ShowOrderInteractor.swift in Sources */ = {isa = PBXBuildFile; fileRef = 4251F92623EACF7A00E77555 /* ShowOrderInteractor.swift */; };
		4251F92923EACF9C00E77555 /* ShowOrderPresenter.swift in Sources */ = {isa = PBXBuildFile; fileRef = 4251F92823EACF9C00E77555 /* ShowOrderPresenter.swift */; };
		4251F92B23EACFF400E77555 /* ShowOrderWorker.swift in Sources */ = {isa = PBXBuildFile; fileRef = 4251F92A23EACFF400E77555 /* ShowOrderWorker.swift */; };
		4251F92D23EACFFD00E77555 /* ShowOrderRouter.swift in Sources */ = {isa = PBXBuildFile; fileRef = 4251F92C23EACFFD00E77555 /* ShowOrderRouter.swift */; };
		4251F92F23EAD88400E77555 /* ShowOrderModels.swift in Sources */ = {isa = PBXBuildFile; fileRef = 4251F92E23EAD88400E77555 /* ShowOrderModels.swift */; };
		42A5EB4923E878F700527730 /* AppDelegate.swift in Sources */ = {isa = PBXBuildFile; fileRef = 42A5EB4823E878F700527730 /* AppDelegate.swift */; };
		42A5EB4D23E878F700527730 /* CreateOrderViewController.swift in Sources */ = {isa = PBXBuildFile; fileRef = 42A5EB4C23E878F700527730 /* CreateOrderViewController.swift */; };
		42A5EB5023E878F700527730 /* Main.storyboard in Resources */ = {isa = PBXBuildFile; fileRef = 42A5EB4E23E878F700527730 /* Main.storyboard */; };
		42A5EB5523E878FA00527730 /* Assets.xcassets in Resources */ = {isa = PBXBuildFile; fileRef = 42A5EB5423E878FA00527730 /* Assets.xcassets */; };
		42A5EB5823E878FA00527730 /* LaunchScreen.storyboard in Resources */ = {isa = PBXBuildFile; fileRef = 42A5EB5623E878FA00527730 /* LaunchScreen.storyboard */; };
		42A5EB6323E878FA00527730 /* CleanStoreTests.swift in Sources */ = {isa = PBXBuildFile; fileRef = 42A5EB6223E878FA00527730 /* CleanStoreTests.swift */; };
		42A5EB6E23E878FB00527730 /* CleanStoreUITests.swift in Sources */ = {isa = PBXBuildFile; fileRef = 42A5EB6D23E878FB00527730 /* CleanStoreUITests.swift */; };
		42A5EB7C23E87B2800527730 /* CreateOrderInteractor.swift in Sources */ = {isa = PBXBuildFile; fileRef = 42A5EB7B23E87B2800527730 /* CreateOrderInteractor.swift */; };
		42A5EB8023E87C4F00527730 /* CreateOrderPresenter.swift in Sources */ = {isa = PBXBuildFile; fileRef = 42A5EB7F23E87C4F00527730 /* CreateOrderPresenter.swift */; };
		42A5EB8223E87D9900527730 /* CreateOrderRouter.swift in Sources */ = {isa = PBXBuildFile; fileRef = 42A5EB8123E87D9900527730 /* CreateOrderRouter.swift */; };
		42A5EB8623E8844400527730 /* CreateOrderModels.swift in Sources */ = {isa = PBXBuildFile; fileRef = 42A5EB8523E8844400527730 /* CreateOrderModels.swift */; };
		42A5EB8923E8B07100527730 /* Order.swift in Sources */ = {isa = PBXBuildFile; fileRef = 42A5EB8823E8B07000527730 /* Order.swift */; };
		42A5EB8B23E8BA0600527730 /* OrdersWorker.swift in Sources */ = {isa = PBXBuildFile; fileRef = 42A5EB8A23E8BA0600527730 /* OrdersWorker.swift */; };
		42A5EB9223E958C900527730 /* ManagedOrder+CoreDataClass.swift in Sources */ = {isa = PBXBuildFile; fileRef = 42A5EB9023E958C900527730 /* ManagedOrder+CoreDataClass.swift */; };
		42A5EB9323E958C900527730 /* ManagedOrder+CoreDataProperties.swift in Sources */ = {isa = PBXBuildFile; fileRef = 42A5EB9123E958C900527730 /* ManagedOrder+CoreDataProperties.swift */; };
		42A5EB9623E9610000527730 /* OrdersMemStore.swift in Sources */ = {isa = PBXBuildFile; fileRef = 42A5EB9523E9610000527730 /* OrdersMemStore.swift */; };
		A1BE454C2451951900B7467B /* CreateOrderViewControllerTests.swift in Sources */ = {isa = PBXBuildFile; fileRef = A1BE454B2451951900B7467B /* CreateOrderViewControllerTests.swift */; };
		A1BE454E24519B3500B7467B /* Seeds.swift in Sources */ = {isa = PBXBuildFile; fileRef = A1BE454D24519B3500B7467B /* Seeds.swift */; };
/* End PBXBuildFile section */

/* Begin PBXContainerItemProxy section */
		42A5EB5F23E878FA00527730 /* PBXContainerItemProxy */ = {
			isa = PBXContainerItemProxy;
			containerPortal = 42A5EB3D23E878F700527730 /* Project object */;
			proxyType = 1;
			remoteGlobalIDString = 42A5EB4423E878F700527730;
			remoteInfo = CleanStore;
		};
		42A5EB6A23E878FB00527730 /* PBXContainerItemProxy */ = {
			isa = PBXContainerItemProxy;
			containerPortal = 42A5EB3D23E878F700527730 /* Project object */;
			proxyType = 1;
			remoteGlobalIDString = 42A5EB4423E878F700527730;
			remoteInfo = CleanStore;
		};
/* End PBXContainerItemProxy section */

/* Begin PBXFileReference section */
		420A389E23F2408500E516A0 /* OrdersCoreDataStore.swift */ = {isa = PBXFileReference; lastKnownFileType = sourcecode.swift; path = OrdersCoreDataStore.swift; sourceTree = "<group>"; };
		420A38A423F2E94300E516A0 /* CleanStore.xcdatamodel */ = {isa = PBXFileReference; lastKnownFileType = wrapper.xcdatamodel; path = CleanStore.xcdatamodel; sourceTree = "<group>"; };
		4251F91523E98BE100E77555 /* ListOrdersViewController.swift */ = {isa = PBXFileReference; lastKnownFileType = sourcecode.swift; path = ListOrdersViewController.swift; sourceTree = "<group>"; };
		4251F91723E98CB600E77555 /* ListOrdersModels.swift */ = {isa = PBXFileReference; lastKnownFileType = sourcecode.swift; path = ListOrdersModels.swift; sourceTree = "<group>"; };
		4251F91923E98D5400E77555 /* ListOrdersInteractor.swift */ = {isa = PBXFileReference; lastKnownFileType = sourcecode.swift; path = ListOrdersInteractor.swift; sourceTree = "<group>"; };
		4251F91B23E98D6200E77555 /* ListOrdersPresenter.swift */ = {isa = PBXFileReference; lastKnownFileType = sourcecode.swift; path = ListOrdersPresenter.swift; sourceTree = "<group>"; };
		4251F91D23E98D7B00E77555 /* ListOrdersRouter.swift */ = {isa = PBXFileReference; lastKnownFileType = sourcecode.swift; path = ListOrdersRouter.swift; sourceTree = "<group>"; };
		4251F91F23E98FEE00E77555 /* CreateOrderWorker.swift */ = {isa = PBXFileReference; lastKnownFileType = sourcecode.swift; path = CreateOrderWorker.swift; sourceTree = "<group>"; };
		4251F92123E9901A00E77555 /* ListOrdersWorker.swift */ = {isa = PBXFileReference; lastKnownFileType = sourcecode.swift; path = ListOrdersWorker.swift; sourceTree = "<group>"; };
		4251F92423EAC97A00E77555 /* ShowOrderViewController.swift */ = {isa = PBXFileReference; lastKnownFileType = sourcecode.swift; path = ShowOrderViewController.swift; sourceTree = "<group>"; };
		4251F92623EACF7A00E77555 /* ShowOrderInteractor.swift */ = {isa = PBXFileReference; lastKnownFileType = sourcecode.swift; path = ShowOrderInteractor.swift; sourceTree = "<group>"; };
		4251F92823EACF9C00E77555 /* ShowOrderPresenter.swift */ = {isa = PBXFileReference; lastKnownFileType = sourcecode.swift; path = ShowOrderPresenter.swift; sourceTree = "<group>"; };
		4251F92A23EACFF400E77555 /* ShowOrderWorker.swift */ = {isa = PBXFileReference; lastKnownFileType = sourcecode.swift; path = ShowOrderWorker.swift; sourceTree = "<group>"; };
		4251F92C23EACFFD00E77555 /* ShowOrderRouter.swift */ = {isa = PBXFileReference; lastKnownFileType = sourcecode.swift; path = ShowOrderRouter.swift; sourceTree = "<group>"; };
		4251F92E23EAD88400E77555 /* ShowOrderModels.swift */ = {isa = PBXFileReference; lastKnownFileType = sourcecode.swift; path = ShowOrderModels.swift; sourceTree = "<group>"; };
		42A5EB4523E878F700527730 /* CleanStore.app */ = {isa = PBXFileReference; explicitFileType = wrapper.application; includeInIndex = 0; path = CleanStore.app; sourceTree = BUILT_PRODUCTS_DIR; };
		42A5EB4823E878F700527730 /* AppDelegate.swift */ = {isa = PBXFileReference; lastKnownFileType = sourcecode.swift; path = AppDelegate.swift; sourceTree = "<group>"; };
		42A5EB4C23E878F700527730 /* CreateOrderViewController.swift */ = {isa = PBXFileReference; lastKnownFileType = sourcecode.swift; path = CreateOrderViewController.swift; sourceTree = "<group>"; };
		42A5EB4F23E878F700527730 /* Base */ = {isa = PBXFileReference; lastKnownFileType = file.storyboard; name = Base; path = Base.lproj/Main.storyboard; sourceTree = "<group>"; };
		42A5EB5423E878FA00527730 /* Assets.xcassets */ = {isa = PBXFileReference; lastKnownFileType = folder.assetcatalog; path = Assets.xcassets; sourceTree = "<group>"; };
		42A5EB5723E878FA00527730 /* Base */ = {isa = PBXFileReference; lastKnownFileType = file.storyboard; name = Base; path = Base.lproj/LaunchScreen.storyboard; sourceTree = "<group>"; };
		42A5EB5923E878FA00527730 /* Info.plist */ = {isa = PBXFileReference; lastKnownFileType = text.plist.xml; path = Info.plist; sourceTree = "<group>"; };
		42A5EB5E23E878FA00527730 /* CleanStoreTests.xctest */ = {isa = PBXFileReference; explicitFileType = wrapper.cfbundle; includeInIndex = 0; path = CleanStoreTests.xctest; sourceTree = BUILT_PRODUCTS_DIR; };
		42A5EB6223E878FA00527730 /* CleanStoreTests.swift */ = {isa = PBXFileReference; lastKnownFileType = sourcecode.swift; path = CleanStoreTests.swift; sourceTree = "<group>"; };
		42A5EB6423E878FA00527730 /* Info.plist */ = {isa = PBXFileReference; lastKnownFileType = text.plist.xml; path = Info.plist; sourceTree = "<group>"; };
		42A5EB6923E878FB00527730 /* CleanStoreUITests.xctest */ = {isa = PBXFileReference; explicitFileType = wrapper.cfbundle; includeInIndex = 0; path = CleanStoreUITests.xctest; sourceTree = BUILT_PRODUCTS_DIR; };
		42A5EB6D23E878FB00527730 /* CleanStoreUITests.swift */ = {isa = PBXFileReference; lastKnownFileType = sourcecode.swift; path = CleanStoreUITests.swift; sourceTree = "<group>"; };
		42A5EB6F23E878FB00527730 /* Info.plist */ = {isa = PBXFileReference; lastKnownFileType = text.plist.xml; path = Info.plist; sourceTree = "<group>"; };
		42A5EB7B23E87B2800527730 /* CreateOrderInteractor.swift */ = {isa = PBXFileReference; lastKnownFileType = sourcecode.swift; path = CreateOrderInteractor.swift; sourceTree = "<group>"; };
		42A5EB7F23E87C4F00527730 /* CreateOrderPresenter.swift */ = {isa = PBXFileReference; lastKnownFileType = sourcecode.swift; path = CreateOrderPresenter.swift; sourceTree = "<group>"; };
		42A5EB8123E87D9900527730 /* CreateOrderRouter.swift */ = {isa = PBXFileReference; lastKnownFileType = sourcecode.swift; path = CreateOrderRouter.swift; sourceTree = "<group>"; };
		42A5EB8523E8844400527730 /* CreateOrderModels.swift */ = {isa = PBXFileReference; lastKnownFileType = sourcecode.swift; path = CreateOrderModels.swift; sourceTree = "<group>"; };
		42A5EB8823E8B07000527730 /* Order.swift */ = {isa = PBXFileReference; lastKnownFileType = sourcecode.swift; path = Order.swift; sourceTree = "<group>"; };
		42A5EB8A23E8BA0600527730 /* OrdersWorker.swift */ = {isa = PBXFileReference; lastKnownFileType = sourcecode.swift; path = OrdersWorker.swift; sourceTree = "<group>"; };
		42A5EB9023E958C900527730 /* ManagedOrder+CoreDataClass.swift */ = {isa = PBXFileReference; fileEncoding = 4; lastKnownFileType = sourcecode.swift; path = "ManagedOrder+CoreDataClass.swift"; sourceTree = "<group>"; };
		42A5EB9123E958C900527730 /* ManagedOrder+CoreDataProperties.swift */ = {isa = PBXFileReference; fileEncoding = 4; lastKnownFileType = sourcecode.swift; path = "ManagedOrder+CoreDataProperties.swift"; sourceTree = "<group>"; };
		42A5EB9523E9610000527730 /* OrdersMemStore.swift */ = {isa = PBXFileReference; lastKnownFileType = sourcecode.swift; path = OrdersMemStore.swift; sourceTree = "<group>"; };
		A1BE454B2451951900B7467B /* CreateOrderViewControllerTests.swift */ = {isa = PBXFileReference; lastKnownFileType = sourcecode.swift; path = CreateOrderViewControllerTests.swift; sourceTree = "<group>"; };
		A1BE454D24519B3500B7467B /* Seeds.swift */ = {isa = PBXFileReference; lastKnownFileType = sourcecode.swift; path = Seeds.swift; sourceTree = "<group>"; };
/* End PBXFileReference section */

/* Begin PBXFrameworksBuildPhase section */
		42A5EB4223E878F700527730 /* Frameworks */ = {
			isa = PBXFrameworksBuildPhase;
			buildActionMask = 2147483647;
			files = (
			);
			runOnlyForDeploymentPostprocessing = 0;
		};
		42A5EB5B23E878FA00527730 /* Frameworks */ = {
			isa = PBXFrameworksBuildPhase;
			buildActionMask = 2147483647;
			files = (
			);
			runOnlyForDeploymentPostprocessing = 0;
		};
		42A5EB6623E878FB00527730 /* Frameworks */ = {
			isa = PBXFrameworksBuildPhase;
			buildActionMask = 2147483647;
			files = (
			);
			runOnlyForDeploymentPostprocessing = 0;
		};
/* End PBXFrameworksBuildPhase section */

/* Begin PBXGroup section */
		4251F91423E98BCD00E77555 /* ListOrders */ = {
			isa = PBXGroup;
			children = (
				4251F91523E98BE100E77555 /* ListOrdersViewController.swift */,
				4251F91923E98D5400E77555 /* ListOrdersInteractor.swift */,
				4251F91B23E98D6200E77555 /* ListOrdersPresenter.swift */,
				4251F91723E98CB600E77555 /* ListOrdersModels.swift */,
				4251F91D23E98D7B00E77555 /* ListOrdersRouter.swift */,
				4251F92123E9901A00E77555 /* ListOrdersWorker.swift */,
			);
			path = ListOrders;
			sourceTree = "<group>";
		};
		4251F92323EAC96E00E77555 /* ShowOrder */ = {
			isa = PBXGroup;
			children = (
				4251F92423EAC97A00E77555 /* ShowOrderViewController.swift */,
				4251F92623EACF7A00E77555 /* ShowOrderInteractor.swift */,
				4251F92823EACF9C00E77555 /* ShowOrderPresenter.swift */,
				4251F92A23EACFF400E77555 /* ShowOrderWorker.swift */,
				4251F92C23EACFFD00E77555 /* ShowOrderRouter.swift */,
				4251F92E23EAD88400E77555 /* ShowOrderModels.swift */,
			);
			path = ShowOrder;
			sourceTree = "<group>";
		};
		42A5EB3C23E878F700527730 = {
			isa = PBXGroup;
			children = (
				42A5EB4723E878F700527730 /* CleanStore */,
				42A5EB6123E878FA00527730 /* CleanStoreTests */,
				42A5EB6C23E878FB00527730 /* CleanStoreUITests */,
				42A5EB4623E878F700527730 /* Products */,
			);
			sourceTree = "<group>";
		};
		42A5EB4623E878F700527730 /* Products */ = {
			isa = PBXGroup;
			children = (
				42A5EB4523E878F700527730 /* CleanStore.app */,
				42A5EB5E23E878FA00527730 /* CleanStoreTests.xctest */,
				42A5EB6923E878FB00527730 /* CleanStoreUITests.xctest */,
			);
			name = Products;
			sourceTree = "<group>";
		};
		42A5EB4723E878F700527730 /* CleanStore */ = {
			isa = PBXGroup;
			children = (
				42A5EB9A23E974DB00527730 /* Scenes */,
				42A5EB9923E974CC00527730 /* Workers */,
				42A5EB9423E960F300527730 /* Services */,
				42A5EB8723E8B06700527730 /* Models */,
				42A5EB4823E878F700527730 /* AppDelegate.swift */,
				42A5EB4E23E878F700527730 /* Main.storyboard */,
				42A5EB5423E878FA00527730 /* Assets.xcassets */,
				42A5EB5623E878FA00527730 /* LaunchScreen.storyboard */,
				42A5EB5923E878FA00527730 /* Info.plist */,
			);
			path = CleanStore;
			sourceTree = "<group>";
		};
		42A5EB6123E878FA00527730 /* CleanStoreTests */ = {
			isa = PBXGroup;
			children = (
				A1BE4549245194C600B7467B /* Scenes */,
				42A5EB6223E878FA00527730 /* CleanStoreTests.swift */,
				42A5EB6423E878FA00527730 /* Info.plist */,
				A1BE454D24519B3500B7467B /* Seeds.swift */,
			);
			path = CleanStoreTests;
			sourceTree = "<group>";
		};
		42A5EB6C23E878FB00527730 /* CleanStoreUITests */ = {
			isa = PBXGroup;
			children = (
				42A5EB6D23E878FB00527730 /* CleanStoreUITests.swift */,
				42A5EB6F23E878FB00527730 /* Info.plist */,
			);
			path = CleanStoreUITests;
			sourceTree = "<group>";
		};
		42A5EB8723E8B06700527730 /* Models */ = {
			isa = PBXGroup;
			children = (
				420A38A323F2E94300E516A0 /* CleanStore.xcdatamodeld */,
				42A5EB9023E958C900527730 /* ManagedOrder+CoreDataClass.swift */,
				42A5EB9123E958C900527730 /* ManagedOrder+CoreDataProperties.swift */,
				42A5EB8823E8B07000527730 /* Order.swift */,
			);
			path = Models;
			sourceTree = "<group>";
		};
		42A5EB9423E960F300527730 /* Services */ = {
			isa = PBXGroup;
			children = (
				42A5EB9523E9610000527730 /* OrdersMemStore.swift */,
				420A389E23F2408500E516A0 /* OrdersCoreDataStore.swift */,
			);
			path = Services;
			sourceTree = "<group>";
		};
		42A5EB9923E974CC00527730 /* Workers */ = {
			isa = PBXGroup;
			children = (
				42A5EB8A23E8BA0600527730 /* OrdersWorker.swift */,
			);
			path = Workers;
			sourceTree = "<group>";
		};
		42A5EB9A23E974DB00527730 /* Scenes */ = {
			isa = PBXGroup;
			children = (
				4251F92323EAC96E00E77555 /* ShowOrder */,
				4251F91423E98BCD00E77555 /* ListOrders */,
				42A5EB9B23E974E700527730 /* CreateOrder */,
			);
			path = Scenes;
			sourceTree = "<group>";
		};
		42A5EB9B23E974E700527730 /* CreateOrder */ = {
			isa = PBXGroup;
			children = (
				42A5EB4C23E878F700527730 /* CreateOrderViewController.swift */,
				42A5EB7B23E87B2800527730 /* CreateOrderInteractor.swift */,
				42A5EB7F23E87C4F00527730 /* CreateOrderPresenter.swift */,
				42A5EB8123E87D9900527730 /* CreateOrderRouter.swift */,
				42A5EB8523E8844400527730 /* CreateOrderModels.swift */,
				4251F91F23E98FEE00E77555 /* CreateOrderWorker.swift */,
			);
			path = CreateOrder;
			sourceTree = "<group>";
		};
		A1BE4549245194C600B7467B /* Scenes */ = {
			isa = PBXGroup;
			children = (
				A1BE454A245194D900B7467B /* CreateOrder */,
			);
			path = Scenes;
			sourceTree = "<group>";
		};
		A1BE454A245194D900B7467B /* CreateOrder */ = {
			isa = PBXGroup;
			children = (
				A1BE454B2451951900B7467B /* CreateOrderViewControllerTests.swift */,
			);
			path = CreateOrder;
			sourceTree = "<group>";
		};
/* End PBXGroup section */

/* Begin PBXNativeTarget section */
		42A5EB4423E878F700527730 /* CleanStore */ = {
			isa = PBXNativeTarget;
			buildConfigurationList = 42A5EB7223E878FB00527730 /* Build configuration list for PBXNativeTarget "CleanStore" */;
			buildPhases = (
				42A5EB4123E878F700527730 /* Sources */,
				42A5EB4223E878F700527730 /* Frameworks */,
				42A5EB4323E878F700527730 /* Resources */,
			);
			buildRules = (
			);
			dependencies = (
			);
			name = CleanStore;
			productName = CleanStore;
			productReference = 42A5EB4523E878F700527730 /* CleanStore.app */;
			productType = "com.apple.product-type.application";
		};
		42A5EB5D23E878FA00527730 /* CleanStoreTests */ = {
			isa = PBXNativeTarget;
			buildConfigurationList = 42A5EB7523E878FB00527730 /* Build configuration list for PBXNativeTarget "CleanStoreTests" */;
			buildPhases = (
				42A5EB5A23E878FA00527730 /* Sources */,
				42A5EB5B23E878FA00527730 /* Frameworks */,
				42A5EB5C23E878FA00527730 /* Resources */,
			);
			buildRules = (
			);
			dependencies = (
				42A5EB6023E878FA00527730 /* PBXTargetDependency */,
			);
			name = CleanStoreTests;
			productName = CleanStoreTests;
			productReference = 42A5EB5E23E878FA00527730 /* CleanStoreTests.xctest */;
			productType = "com.apple.product-type.bundle.unit-test";
		};
		42A5EB6823E878FB00527730 /* CleanStoreUITests */ = {
			isa = PBXNativeTarget;
			buildConfigurationList = 42A5EB7823E878FB00527730 /* Build configuration list for PBXNativeTarget "CleanStoreUITests" */;
			buildPhases = (
				42A5EB6523E878FB00527730 /* Sources */,
				42A5EB6623E878FB00527730 /* Frameworks */,
				42A5EB6723E878FB00527730 /* Resources */,
			);
			buildRules = (
			);
			dependencies = (
				42A5EB6B23E878FB00527730 /* PBXTargetDependency */,
			);
			name = CleanStoreUITests;
			productName = CleanStoreUITests;
			productReference = 42A5EB6923E878FB00527730 /* CleanStoreUITests.xctest */;
			productType = "com.apple.product-type.bundle.ui-testing";
		};
/* End PBXNativeTarget section */

/* Begin PBXProject section */
		42A5EB3D23E878F700527730 /* Project object */ = {
			isa = PBXProject;
			attributes = {
				LastSwiftUpdateCheck = 1120;
				LastUpgradeCheck = 1120;
				ORGANIZATIONNAME = "손병근";
				TargetAttributes = {
					42A5EB4423E878F700527730 = {
						CreatedOnToolsVersion = 11.2.1;
					};
					42A5EB5D23E878FA00527730 = {
						CreatedOnToolsVersion = 11.2.1;
						TestTargetID = 42A5EB4423E878F700527730;
					};
					42A5EB6823E878FB00527730 = {
						CreatedOnToolsVersion = 11.2.1;
						TestTargetID = 42A5EB4423E878F700527730;
					};
				};
			};
			buildConfigurationList = 42A5EB4023E878F700527730 /* Build configuration list for PBXProject "CleanStore" */;
			compatibilityVersion = "Xcode 9.3";
			developmentRegion = en;
			hasScannedForEncodings = 0;
			knownRegions = (
				en,
				Base,
			);
			mainGroup = 42A5EB3C23E878F700527730;
			productRefGroup = 42A5EB4623E878F700527730 /* Products */;
			projectDirPath = "";
			projectRoot = "";
			targets = (
				42A5EB4423E878F700527730 /* CleanStore */,
				42A5EB5D23E878FA00527730 /* CleanStoreTests */,
				42A5EB6823E878FB00527730 /* CleanStoreUITests */,
			);
		};
/* End PBXProject section */

/* Begin PBXResourcesBuildPhase section */
		42A5EB4323E878F700527730 /* Resources */ = {
			isa = PBXResourcesBuildPhase;
			buildActionMask = 2147483647;
			files = (
				42A5EB5823E878FA00527730 /* LaunchScreen.storyboard in Resources */,
				42A5EB5523E878FA00527730 /* Assets.xcassets in Resources */,
				42A5EB5023E878F700527730 /* Main.storyboard in Resources */,
			);
			runOnlyForDeploymentPostprocessing = 0;
		};
		42A5EB5C23E878FA00527730 /* Resources */ = {
			isa = PBXResourcesBuildPhase;
			buildActionMask = 2147483647;
			files = (
			);
			runOnlyForDeploymentPostprocessing = 0;
		};
		42A5EB6723E878FB00527730 /* Resources */ = {
			isa = PBXResourcesBuildPhase;
			buildActionMask = 2147483647;
			files = (
			);
			runOnlyForDeploymentPostprocessing = 0;
		};
/* End PBXResourcesBuildPhase section */

/* Begin PBXSourcesBuildPhase section */
		42A5EB4123E878F700527730 /* Sources */ = {
			isa = PBXSourcesBuildPhase;
			buildActionMask = 2147483647;
			files = (
				4251F92723EACF7A00E77555 /* ShowOrderInteractor.swift in Sources */,
				4251F91823E98CB600E77555 /* ListOrdersModels.swift in Sources */,
				42A5EB9323E958C900527730 /* ManagedOrder+CoreDataProperties.swift in Sources */,
				4251F91A23E98D5400E77555 /* ListOrdersInteractor.swift in Sources */,
				4251F92223E9901A00E77555 /* ListOrdersWorker.swift in Sources */,
				42A5EB4D23E878F700527730 /* CreateOrderViewController.swift in Sources */,
				42A5EB9623E9610000527730 /* OrdersMemStore.swift in Sources */,
				420A38A523F2E94300E516A0 /* CleanStore.xcdatamodeld in Sources */,
				4251F92023E98FEE00E77555 /* CreateOrderWorker.swift in Sources */,
				42A5EB8623E8844400527730 /* CreateOrderModels.swift in Sources */,
				42A5EB8923E8B07100527730 /* Order.swift in Sources */,
				4251F91C23E98D6200E77555 /* ListOrdersPresenter.swift in Sources */,
				4251F92B23EACFF400E77555 /* ShowOrderWorker.swift in Sources */,
				42A5EB7C23E87B2800527730 /* CreateOrderInteractor.swift in Sources */,
				42A5EB9223E958C900527730 /* ManagedOrder+CoreDataClass.swift in Sources */,
				4251F92D23EACFFD00E77555 /* ShowOrderRouter.swift in Sources */,
				4251F92923EACF9C00E77555 /* ShowOrderPresenter.swift in Sources */,
				4251F91623E98BE100E77555 /* ListOrdersViewController.swift in Sources */,
				4251F92F23EAD88400E77555 /* ShowOrderModels.swift in Sources */,
				42A5EB4923E878F700527730 /* AppDelegate.swift in Sources */,
				420A389F23F2408500E516A0 /* OrdersCoreDataStore.swift in Sources */,
				4251F91E23E98D7B00E77555 /* ListOrdersRouter.swift in Sources */,
				4251F92523EAC97A00E77555 /* ShowOrderViewController.swift in Sources */,
				42A5EB8023E87C4F00527730 /* CreateOrderPresenter.swift in Sources */,
				42A5EB8B23E8BA0600527730 /* OrdersWorker.swift in Sources */,
				42A5EB8223E87D9900527730 /* CreateOrderRouter.swift in Sources */,
			);
			runOnlyForDeploymentPostprocessing = 0;
		};
		42A5EB5A23E878FA00527730 /* Sources */ = {
			isa = PBXSourcesBuildPhase;
			buildActionMask = 2147483647;
			files = (
				42A5EB6323E878FA00527730 /* CleanStoreTests.swift in Sources */,
				A1BE454C2451951900B7467B /* CreateOrderViewControllerTests.swift in Sources */,
				A1BE454E24519B3500B7467B /* Seeds.swift in Sources */,
			);
			runOnlyForDeploymentPostprocessing = 0;
		};
		42A5EB6523E878FB00527730 /* Sources */ = {
			isa = PBXSourcesBuildPhase;
			buildActionMask = 2147483647;
			files = (
				42A5EB6E23E878FB00527730 /* CleanStoreUITests.swift in Sources */,
			);
			runOnlyForDeploymentPostprocessing = 0;
		};
/* End PBXSourcesBuildPhase section */

/* Begin PBXTargetDependency section */
		42A5EB6023E878FA00527730 /* PBXTargetDependency */ = {
			isa = PBXTargetDependency;
			target = 42A5EB4423E878F700527730 /* CleanStore */;
			targetProxy = 42A5EB5F23E878FA00527730 /* PBXContainerItemProxy */;
		};
		42A5EB6B23E878FB00527730 /* PBXTargetDependency */ = {
			isa = PBXTargetDependency;
			target = 42A5EB4423E878F700527730 /* CleanStore */;
			targetProxy = 42A5EB6A23E878FB00527730 /* PBXContainerItemProxy */;
		};
/* End PBXTargetDependency section */

/* Begin PBXVariantGroup section */
		42A5EB4E23E878F700527730 /* Main.storyboard */ = {
			isa = PBXVariantGroup;
			children = (
				42A5EB4F23E878F700527730 /* Base */,
			);
			name = Main.storyboard;
			sourceTree = "<group>";
		};
		42A5EB5623E878FA00527730 /* LaunchScreen.storyboard */ = {
			isa = PBXVariantGroup;
			children = (
				42A5EB5723E878FA00527730 /* Base */,
			);
			name = LaunchScreen.storyboard;
			sourceTree = "<group>";
		};
/* End PBXVariantGroup section */

/* Begin XCBuildConfiguration section */
		42A5EB7023E878FB00527730 /* Debug */ = {
			isa = XCBuildConfiguration;
			buildSettings = {
				ALWAYS_SEARCH_USER_PATHS = NO;
				CLANG_ANALYZER_NONNULL = YES;
				CLANG_ANALYZER_NUMBER_OBJECT_CONVERSION = YES_AGGRESSIVE;
				CLANG_CXX_LANGUAGE_STANDARD = "gnu++14";
				CLANG_CXX_LIBRARY = "libc++";
				CLANG_ENABLE_MODULES = YES;
				CLANG_ENABLE_OBJC_ARC = YES;
				CLANG_ENABLE_OBJC_WEAK = YES;
				CLANG_WARN_BLOCK_CAPTURE_AUTORELEASING = YES;
				CLANG_WARN_BOOL_CONVERSION = YES;
				CLANG_WARN_COMMA = YES;
				CLANG_WARN_CONSTANT_CONVERSION = YES;
				CLANG_WARN_DEPRECATED_OBJC_IMPLEMENTATIONS = YES;
				CLANG_WARN_DIRECT_OBJC_ISA_USAGE = YES_ERROR;
				CLANG_WARN_DOCUMENTATION_COMMENTS = YES;
				CLANG_WARN_EMPTY_BODY = YES;
				CLANG_WARN_ENUM_CONVERSION = YES;
				CLANG_WARN_INFINITE_RECURSION = YES;
				CLANG_WARN_INT_CONVERSION = YES;
				CLANG_WARN_NON_LITERAL_NULL_CONVERSION = YES;
				CLANG_WARN_OBJC_IMPLICIT_RETAIN_SELF = YES;
				CLANG_WARN_OBJC_LITERAL_CONVERSION = YES;
				CLANG_WARN_OBJC_ROOT_CLASS = YES_ERROR;
				CLANG_WARN_RANGE_LOOP_ANALYSIS = YES;
				CLANG_WARN_STRICT_PROTOTYPES = YES;
				CLANG_WARN_SUSPICIOUS_MOVE = YES;
				CLANG_WARN_UNGUARDED_AVAILABILITY = YES_AGGRESSIVE;
				CLANG_WARN_UNREACHABLE_CODE = YES;
				CLANG_WARN__DUPLICATE_METHOD_MATCH = YES;
				COPY_PHASE_STRIP = NO;
				DEBUG_INFORMATION_FORMAT = dwarf;
				ENABLE_STRICT_OBJC_MSGSEND = YES;
				ENABLE_TESTABILITY = YES;
				GCC_C_LANGUAGE_STANDARD = gnu11;
				GCC_DYNAMIC_NO_PIC = NO;
				GCC_NO_COMMON_BLOCKS = YES;
				GCC_OPTIMIZATION_LEVEL = 0;
				GCC_PREPROCESSOR_DEFINITIONS = (
					"DEBUG=1",
					"$(inherited)",
				);
				GCC_WARN_64_TO_32_BIT_CONVERSION = YES;
				GCC_WARN_ABOUT_RETURN_TYPE = YES_ERROR;
				GCC_WARN_UNDECLARED_SELECTOR = YES;
				GCC_WARN_UNINITIALIZED_AUTOS = YES_AGGRESSIVE;
				GCC_WARN_UNUSED_FUNCTION = YES;
				GCC_WARN_UNUSED_VARIABLE = YES;
				IPHONEOS_DEPLOYMENT_TARGET = 10.0;
				MTL_ENABLE_DEBUG_INFO = INCLUDE_SOURCE;
				MTL_FAST_MATH = YES;
				ONLY_ACTIVE_ARCH = YES;
				SDKROOT = iphoneos;
				SWIFT_ACTIVE_COMPILATION_CONDITIONS = DEBUG;
				SWIFT_OPTIMIZATION_LEVEL = "-Onone";
			};
			name = Debug;
		};
		42A5EB7123E878FB00527730 /* Release */ = {
			isa = XCBuildConfiguration;
			buildSettings = {
				ALWAYS_SEARCH_USER_PATHS = NO;
				CLANG_ANALYZER_NONNULL = YES;
				CLANG_ANALYZER_NUMBER_OBJECT_CONVERSION = YES_AGGRESSIVE;
				CLANG_CXX_LANGUAGE_STANDARD = "gnu++14";
				CLANG_CXX_LIBRARY = "libc++";
				CLANG_ENABLE_MODULES = YES;
				CLANG_ENABLE_OBJC_ARC = YES;
				CLANG_ENABLE_OBJC_WEAK = YES;
				CLANG_WARN_BLOCK_CAPTURE_AUTORELEASING = YES;
				CLANG_WARN_BOOL_CONVERSION = YES;
				CLANG_WARN_COMMA = YES;
				CLANG_WARN_CONSTANT_CONVERSION = YES;
				CLANG_WARN_DEPRECATED_OBJC_IMPLEMENTATIONS = YES;
				CLANG_WARN_DIRECT_OBJC_ISA_USAGE = YES_ERROR;
				CLANG_WARN_DOCUMENTATION_COMMENTS = YES;
				CLANG_WARN_EMPTY_BODY = YES;
				CLANG_WARN_ENUM_CONVERSION = YES;
				CLANG_WARN_INFINITE_RECURSION = YES;
				CLANG_WARN_INT_CONVERSION = YES;
				CLANG_WARN_NON_LITERAL_NULL_CONVERSION = YES;
				CLANG_WARN_OBJC_IMPLICIT_RETAIN_SELF = YES;
				CLANG_WARN_OBJC_LITERAL_CONVERSION = YES;
				CLANG_WARN_OBJC_ROOT_CLASS = YES_ERROR;
				CLANG_WARN_RANGE_LOOP_ANALYSIS = YES;
				CLANG_WARN_STRICT_PROTOTYPES = YES;
				CLANG_WARN_SUSPICIOUS_MOVE = YES;
				CLANG_WARN_UNGUARDED_AVAILABILITY = YES_AGGRESSIVE;
				CLANG_WARN_UNREACHABLE_CODE = YES;
				CLANG_WARN__DUPLICATE_METHOD_MATCH = YES;
				COPY_PHASE_STRIP = NO;
				DEBUG_INFORMATION_FORMAT = "dwarf-with-dsym";
				ENABLE_NS_ASSERTIONS = NO;
				ENABLE_STRICT_OBJC_MSGSEND = YES;
				GCC_C_LANGUAGE_STANDARD = gnu11;
				GCC_NO_COMMON_BLOCKS = YES;
				GCC_WARN_64_TO_32_BIT_CONVERSION = YES;
				GCC_WARN_ABOUT_RETURN_TYPE = YES_ERROR;
				GCC_WARN_UNDECLARED_SELECTOR = YES;
				GCC_WARN_UNINITIALIZED_AUTOS = YES_AGGRESSIVE;
				GCC_WARN_UNUSED_FUNCTION = YES;
				GCC_WARN_UNUSED_VARIABLE = YES;
				IPHONEOS_DEPLOYMENT_TARGET = 10.0;
				MTL_ENABLE_DEBUG_INFO = NO;
				MTL_FAST_MATH = YES;
				SDKROOT = iphoneos;
				SWIFT_COMPILATION_MODE = wholemodule;
				SWIFT_OPTIMIZATION_LEVEL = "-O";
				VALIDATE_PRODUCT = YES;
			};
			name = Release;
		};
		42A5EB7323E878FB00527730 /* Debug */ = {
			isa = XCBuildConfiguration;
			buildSettings = {
				ASSETCATALOG_COMPILER_APPICON_NAME = AppIcon;
				CODE_SIGN_STYLE = Automatic;
				DEVELOPMENT_TEAM = 97C96KP84G;
				INFOPLIST_FILE = CleanStore/Info.plist;
				LD_RUNPATH_SEARCH_PATHS = (
					"$(inherited)",
					"@executable_path/Frameworks",
				);
				PRODUCT_BUNDLE_IDENTIFIER = ca.byeonggeunSon.CleanStore;
				PRODUCT_NAME = "$(TARGET_NAME)";
				SWIFT_VERSION = 5.0;
				TARGETED_DEVICE_FAMILY = "1,2";
			};
			name = Debug;
		};
		42A5EB7423E878FB00527730 /* Release */ = {
			isa = XCBuildConfiguration;
			buildSettings = {
				ASSETCATALOG_COMPILER_APPICON_NAME = AppIcon;
				CODE_SIGN_STYLE = Automatic;
				DEVELOPMENT_TEAM = 97C96KP84G;
				INFOPLIST_FILE = CleanStore/Info.plist;
				LD_RUNPATH_SEARCH_PATHS = (
					"$(inherited)",
					"@executable_path/Frameworks",
				);
				PRODUCT_BUNDLE_IDENTIFIER = ca.byeonggeunSon.CleanStore;
				PRODUCT_NAME = "$(TARGET_NAME)";
				SWIFT_VERSION = 5.0;
				TARGETED_DEVICE_FAMILY = "1,2";
			};
			name = Release;
		};
		42A5EB7623E878FB00527730 /* Debug */ = {
			isa = XCBuildConfiguration;
			buildSettings = {
				ALWAYS_EMBED_SWIFT_STANDARD_LIBRARIES = YES;
				BUNDLE_LOADER = "$(TEST_HOST)";
				CODE_SIGN_STYLE = Automatic;
				DEVELOPMENT_TEAM = 97C96KP84G;
				INFOPLIST_FILE = CleanStoreTests/Info.plist;
				IPHONEOS_DEPLOYMENT_TARGET = 13.2;
				LD_RUNPATH_SEARCH_PATHS = (
					"$(inherited)",
					"@executable_path/Frameworks",
					"@loader_path/Frameworks",
				);
				PRODUCT_BUNDLE_IDENTIFIER = ca.byeonggeunSon.CleanStoreTests;
				PRODUCT_NAME = "$(TARGET_NAME)";
				SWIFT_VERSION = 5.0;
				TARGETED_DEVICE_FAMILY = "1,2";
				TEST_HOST = "$(BUILT_PRODUCTS_DIR)/CleanStore.app/CleanStore";
			};
			name = Debug;
		};
		42A5EB7723E878FB00527730 /* Release */ = {
			isa = XCBuildConfiguration;
			buildSettings = {
				ALWAYS_EMBED_SWIFT_STANDARD_LIBRARIES = YES;
				BUNDLE_LOADER = "$(TEST_HOST)";
				CODE_SIGN_STYLE = Automatic;
				DEVELOPMENT_TEAM = 97C96KP84G;
				INFOPLIST_FILE = CleanStoreTests/Info.plist;
				IPHONEOS_DEPLOYMENT_TARGET = 13.2;
				LD_RUNPATH_SEARCH_PATHS = (
					"$(inherited)",
					"@executable_path/Frameworks",
					"@loader_path/Frameworks",
				);
				PRODUCT_BUNDLE_IDENTIFIER = ca.byeonggeunSon.CleanStoreTests;
				PRODUCT_NAME = "$(TARGET_NAME)";
				SWIFT_VERSION = 5.0;
				TARGETED_DEVICE_FAMILY = "1,2";
				TEST_HOST = "$(BUILT_PRODUCTS_DIR)/CleanStore.app/CleanStore";
			};
			name = Release;
		};
		42A5EB7923E878FB00527730 /* Debug */ = {
			isa = XCBuildConfiguration;
			buildSettings = {
				ALWAYS_EMBED_SWIFT_STANDARD_LIBRARIES = YES;
				CODE_SIGN_STYLE = Automatic;
				DEVELOPMENT_TEAM = 97C96KP84G;
				INFOPLIST_FILE = CleanStoreUITests/Info.plist;
				LD_RUNPATH_SEARCH_PATHS = (
					"$(inherited)",
					"@executable_path/Frameworks",
					"@loader_path/Frameworks",
				);
				PRODUCT_BUNDLE_IDENTIFIER = ca.byeonggeunSon.CleanStoreUITests;
				PRODUCT_NAME = "$(TARGET_NAME)";
				SWIFT_VERSION = 5.0;
				TARGETED_DEVICE_FAMILY = "1,2";
				TEST_TARGET_NAME = CleanStore;
			};
			name = Debug;
		};
		42A5EB7A23E878FB00527730 /* Release */ = {
			isa = XCBuildConfiguration;
			buildSettings = {
				ALWAYS_EMBED_SWIFT_STANDARD_LIBRARIES = YES;
				CODE_SIGN_STYLE = Automatic;
				DEVELOPMENT_TEAM = 97C96KP84G;
				INFOPLIST_FILE = CleanStoreUITests/Info.plist;
				LD_RUNPATH_SEARCH_PATHS = (
					"$(inherited)",
					"@executable_path/Frameworks",
					"@loader_path/Frameworks",
				);
				PRODUCT_BUNDLE_IDENTIFIER = ca.byeonggeunSon.CleanStoreUITests;
				PRODUCT_NAME = "$(TARGET_NAME)";
				SWIFT_VERSION = 5.0;
				TARGETED_DEVICE_FAMILY = "1,2";
				TEST_TARGET_NAME = CleanStore;
			};
			name = Release;
		};
/* End XCBuildConfiguration section */

/* Begin XCConfigurationList section */
		42A5EB4023E878F700527730 /* Build configuration list for PBXProject "CleanStore" */ = {
			isa = XCConfigurationList;
			buildConfigurations = (
				42A5EB7023E878FB00527730 /* Debug */,
				42A5EB7123E878FB00527730 /* Release */,
			);
			defaultConfigurationIsVisible = 0;
			defaultConfigurationName = Release;
		};
		42A5EB7223E878FB00527730 /* Build configuration list for PBXNativeTarget "CleanStore" */ = {
			isa = XCConfigurationList;
			buildConfigurations = (
				42A5EB7323E878FB00527730 /* Debug */,
				42A5EB7423E878FB00527730 /* Release */,
			);
			defaultConfigurationIsVisible = 0;
			defaultConfigurationName = Release;
		};
		42A5EB7523E878FB00527730 /* Build configuration list for PBXNativeTarget "CleanStoreTests" */ = {
			isa = XCConfigurationList;
			buildConfigurations = (
				42A5EB7623E878FB00527730 /* Debug */,
				42A5EB7723E878FB00527730 /* Release */,
			);
			defaultConfigurationIsVisible = 0;
			defaultConfigurationName = Release;
		};
		42A5EB7823E878FB00527730 /* Build configuration list for PBXNativeTarget "CleanStoreUITests" */ = {
			isa = XCConfigurationList;
			buildConfigurations = (
				42A5EB7923E878FB00527730 /* Debug */,
				42A5EB7A23E878FB00527730 /* Release */,
			);
			defaultConfigurationIsVisible = 0;
			defaultConfigurationName = Release;
		};
/* End XCConfigurationList section */

/* Begin XCVersionGroup section */
		420A38A323F2E94300E516A0 /* CleanStore.xcdatamodeld */ = {
			isa = XCVersionGroup;
			children = (
				420A38A423F2E94300E516A0 /* CleanStore.xcdatamodel */,
			);
			currentVersion = 420A38A423F2E94300E516A0 /* CleanStore.xcdatamodel */;
			name = CleanStore.xcdatamodeld;
			path = ../CleanStore.xcdatamodeld;
			sourceTree = "<group>";
			versionGroupType = wrapper.xcdatamodel;
		};
/* End XCVersionGroup section */
	};
	rootObject = 42A5EB3D23E878F700527730 /* Project object */;
}
